
Microsoft Visual Studio Solution File, Format Version 12.00
# Visual Studio Version 17
VisualStudioVersion = 17.0.31903.59
MinimumVisualStudioVersion = 10.0.40219.1
Project("{2150E333-8FDC-42A3-9474-1A3956D46DE8}") = "src", "src", "{92E97538-DE13-40D9-A3AE-02FCF486EA03}"
EndProject
Project("{2150E333-8FDC-42A3-9474-1A3956D46DE8}") = "backend", "backend", "{048B35FB-C78B-4A41-9BF4-E2F45CB8218C}"
EndProject
Project("{2150E333-8FDC-42A3-9474-1A3956D46DE8}") = "01.Core", "01.Core", "{A8272238-43D6-4A7D-9C4C-AC1F1AD125B0}"
EndProject
Project("{2150E333-8FDC-42A3-9474-1A3956D46DE8}") = "02.Infra", "02.Infra", "{1B9393AB-D2B5-4B39-9E36-AE236DC7EFB5}"
EndProject
Project("{2150E333-8FDC-42A3-9474-1A3956D46DE8}") = "03.Endpoints", "03.Endpoints", "{5AC3E770-B34E-438A-B543-A30B9D5DB16E}"
EndProject
Project("{9A19103F-16F7-4668-BE54-9A1E7A4F7556}") = "EndPoints.API", "src\backEnd\03.Endpoints\EndPoints.API\EndPoints.API.csproj", "{3BBAE757-D357-4B09-8A93-409D4D3BFE80}"
EndProject
Project("{9A19103F-16F7-4668-BE54-9A1E7A4F7556}") = "Core.ApplicationServices", "src\backEnd\01.Core\Core.ApplicationServices\Core.ApplicationServices.csproj", "{FC9106C1-B0E0-4EFD-A5BC-4EDD6F366E8D}"
EndProject
Project("{9A19103F-16F7-4668-BE54-9A1E7A4F7556}") = "Core.Contracts", "src\backEnd\01.Core\Core.Contracts\Core.Contracts.csproj", "{2A211AD2-2BE3-479C-96B2-E0E5053DA945}"
EndProject
Project("{9A19103F-16F7-4668-BE54-9A1E7A4F7556}") = "Core.Domain", "src\backEnd\01.Core\Core.Domain\Core.Domain.csproj", "{880AD577-FCCA-4C8F-922B-334EDF36C611}"
EndProject
Project("{9A19103F-16F7-4668-BE54-9A1E7A4F7556}") = "Core.DomainServices", "src\backEnd\01.Core\Core.DomainServices\Core.DomainServices.csproj", "{947D29F0-9EF6-4393-B4DA-A2A598AA982C}"
EndProject
Project("{2150E333-8FDC-42A3-9474-1A3956D46DE8}") = "Data", "Data", "{DAEBBF67-56A1-4503-81EF-C4C4FB4E2119}"
EndProject
Project("{9A19103F-16F7-4668-BE54-9A1E7A4F7556}") = "Infra.Data.Sql.Commands", "src\backEnd\02.Infra\Data\Infra.Data.Sql.Commands\Infra.Data.Sql.Commands.csproj", "{1CB73423-99AB-4AC6-AC26-7902E88D8EA6}"
EndProject
Project("{9A19103F-16F7-4668-BE54-9A1E7A4F7556}") = "Infra.Data.Sql.Queries", "src\backEnd\02.Infra\Data\Infra.Data.Sql.Queries\Infra.Data.Sql.Queries.csproj", "{FFC4C392-2D10-48AE-8EBF-A418859B944D}"
EndProject
Global
	GlobalSection(SolutionConfigurationPlatforms) = preSolution
		Debug|Any CPU = Debug|Any CPU
		Release|Any CPU = Release|Any CPU
	EndGlobalSection
	GlobalSection(ProjectConfigurationPlatforms) = postSolution
		{3BBAE757-D357-4B09-8A93-409D4D3BFE80}.Debug|Any CPU.ActiveCfg = Debug|Any CPU
		{3BBAE757-D357-4B09-8A93-409D4D3BFE80}.Debug|Any CPU.Build.0 = Debug|Any CPU
		{3BBAE757-D357-4B09-8A93-409D4D3BFE80}.Release|Any CPU.ActiveCfg = Release|Any CPU
		{3BBAE757-D357-4B09-8A93-409D4D3BFE80}.Release|Any CPU.Build.0 = Release|Any CPU
		{FC9106C1-B0E0-4EFD-A5BC-4EDD6F366E8D}.Debug|Any CPU.ActiveCfg = Debug|Any CPU
		{FC9106C1-B0E0-4EFD-A5BC-4EDD6F366E8D}.Debug|Any CPU.Build.0 = Debug|Any CPU
		{FC9106C1-B0E0-4EFD-A5BC-4EDD6F366E8D}.Release|Any CPU.ActiveCfg = Release|Any CPU
		{FC9106C1-B0E0-4EFD-A5BC-4EDD6F366E8D}.Release|Any CPU.Build.0 = Release|Any CPU
		{2A211AD2-2BE3-479C-96B2-E0E5053DA945}.Debug|Any CPU.ActiveCfg = Debug|Any CPU
		{2A211AD2-2BE3-479C-96B2-E0E5053DA945}.Debug|Any CPU.Build.0 = Debug|Any CPU
		{2A211AD2-2BE3-479C-96B2-E0E5053DA945}.Release|Any CPU.ActiveCfg = Release|Any CPU
		{2A211AD2-2BE3-479C-96B2-E0E5053DA945}.Release|Any CPU.Build.0 = Release|Any CPU
		{880AD577-FCCA-4C8F-922B-334EDF36C611}.Debug|Any CPU.ActiveCfg = Debug|Any CPU
		{880AD577-FCCA-4C8F-922B-334EDF36C611}.Debug|Any CPU.Build.0 = Debug|Any CPU
		{880AD577-FCCA-4C8F-922B-334EDF36C611}.Release|Any CPU.ActiveCfg = Release|Any CPU
		{880AD577-FCCA-4C8F-922B-334EDF36C611}.Release|Any CPU.Build.0 = Release|Any CPU
		{947D29F0-9EF6-4393-B4DA-A2A598AA982C}.Debug|Any CPU.ActiveCfg = Debug|Any CPU
		{947D29F0-9EF6-4393-B4DA-A2A598AA982C}.Debug|Any CPU.Build.0 = Debug|Any CPU
		{947D29F0-9EF6-4393-B4DA-A2A598AA982C}.Release|Any CPU.ActiveCfg = Release|Any CPU
		{947D29F0-9EF6-4393-B4DA-A2A598AA982C}.Release|Any CPU.Build.0 = Release|Any CPU
		{1CB73423-99AB-4AC6-AC26-7902E88D8EA6}.Debug|Any CPU.ActiveCfg = Debug|Any CPU
		{1CB73423-99AB-4AC6-AC26-7902E88D8EA6}.Debug|Any CPU.Build.0 = Debug|Any CPU
		{1CB73423-99AB-4AC6-AC26-7902E88D8EA6}.Release|Any CPU.ActiveCfg = Release|Any CPU
		{1CB73423-99AB-4AC6-AC26-7902E88D8EA6}.Release|Any CPU.Build.0 = Release|Any CPU
		{FFC4C392-2D10-48AE-8EBF-A418859B944D}.Debug|Any CPU.ActiveCfg = Debug|Any CPU
		{FFC4C392-2D10-48AE-8EBF-A418859B944D}.Debug|Any CPU.Build.0 = Debug|Any CPU
		{FFC4C392-2D10-48AE-8EBF-A418859B944D}.Release|Any CPU.ActiveCfg = Release|Any CPU
		{FFC4C392-2D10-48AE-8EBF-A418859B944D}.Release|Any CPU.Build.0 = Release|Any CPU
	EndGlobalSection
	GlobalSection(SolutionProperties) = preSolution
		HideSolutionNode = FALSE
	EndGlobalSection
	GlobalSection(NestedProjects) = preSolution
		{048B35FB-C78B-4A41-9BF4-E2F45CB8218C} = {92E97538-DE13-40D9-A3AE-02FCF486EA03}
		{A8272238-43D6-4A7D-9C4C-AC1F1AD125B0} = {048B35FB-C78B-4A41-9BF4-E2F45CB8218C}
		{1B9393AB-D2B5-4B39-9E36-AE236DC7EFB5} = {048B35FB-C78B-4A41-9BF4-E2F45CB8218C}
		{5AC3E770-B34E-438A-B543-A30B9D5DB16E} = {048B35FB-C78B-4A41-9BF4-E2F45CB8218C}
		{3BBAE757-D357-4B09-8A93-409D4D3BFE80} = {5AC3E770-B34E-438A-B543-A30B9D5DB16E}
		{FC9106C1-B0E0-4EFD-A5BC-4EDD6F366E8D} = {A8272238-43D6-4A7D-9C4C-AC1F1AD125B0}
		{2A211AD2-2BE3-479C-96B2-E0E5053DA945} = {A8272238-43D6-4A7D-9C4C-AC1F1AD125B0}
		{880AD577-FCCA-4C8F-922B-334EDF36C611} = {A8272238-43D6-4A7D-9C4C-AC1F1AD125B0}
		{947D29F0-9EF6-4393-B4DA-A2A598AA982C} = {A8272238-43D6-4A7D-9C4C-AC1F1AD125B0}
		{DAEBBF67-56A1-4503-81EF-C4C4FB4E2119} = {1B9393AB-D2B5-4B39-9E36-AE236DC7EFB5}
		{1CB73423-99AB-4AC6-AC26-7902E88D8EA6} = {DAEBBF67-56A1-4503-81EF-C4C4FB4E2119}
		{FFC4C392-2D10-48AE-8EBF-A418859B944D} = {DAEBBF67-56A1-4503-81EF-C4C4FB4E2119}
	EndGlobalSection
	GlobalSection(ExtensibilityGlobals) = postSolution
		SolutionGuid = {08C5EA32-0879-478A-9E92-B8F57C6A80AC}
	EndGlobalSection
EndGlobal
